
Microsoft Visual Studio Solution File, Format Version 12.00
# Visual Studio Version 17
VisualStudioVersion = 17.9.34902.65
MinimumVisualStudioVersion = 10.0.40219.1
Project("{FAE04EC0-301F-11D3-BF4B-00C04F79EFBC}") = "GmmVisualization", "GmmVisualization.csproj", "{F9AB93A7-BFB1-47DA-974E-BC4C17D9DD0C}"
EndProject
Global
	GlobalSection(SolutionConfigurationPlatforms) = preSolution
		Debug|Any CPU = Debug|Any CPU
		Release|Any CPU = Release|Any CPU
	EndGlobalSection
	GlobalSection(ProjectConfigurationPlatforms) = postSolution
		{F9AB93A7-BFB1-47DA-974E-BC4C17D9DD0C}.Debug|Any CPU.ActiveCfg = Debug|Any CPU
		{F9AB93A7-BFB1-47DA-974E-BC4C17D9DD0C}.Debug|Any CPU.Build.0 = Debug|Any CPU
		{F9AB93A7-BFB1-47DA-974E-BC4C17D9DD0C}.Release|Any CPU.ActiveCfg = Release|Any CPU
		{F9AB93A7-BFB1-47DA-974E-BC4C17D9DD0C}.Release|Any CPU.Build.0 = Release|Any CPU
	EndGlobalSection
	GlobalSection(SolutionProperties) = preSolution
		HideSolutionNode = FALSE
	EndGlobalSection
	GlobalSection(ExtensibilityGlobals) = postSolution
		SolutionGuid = {FE63DF9A-27D3-48F0-895C-094220E19F4F}
	EndGlobalSection
EndGlobal
